
Microsoft Visual Studio Solution File, Format Version 12.00
# Visual Studio Version 17
VisualStudioVersion = 17.7.34009.444
MinimumVisualStudioVersion = 10.0.40219.1
Project("{FAE04EC0-301F-11D3-BF4B-00C04F79EFBC}") = "WebApplication1", "WebApplication1\WebApplication1.csproj", "{37B9D6BF-19D2-4DBF-A178-ECEB6DB82F92}"
EndProject
Global
	GlobalSection(SolutionConfigurationPlatforms) = preSolution
		Debug|Any CPU = Debug|Any CPU
		Release|Any CPU = Release|Any CPU
	EndGlobalSection
	GlobalSection(ProjectConfigurationPlatforms) = postSolution
		{37B9D6BF-19D2-4DBF-A178-ECEB6DB82F92}.Debug|Any CPU.ActiveCfg = Debug|Any CPU
		{37B9D6BF-19D2-4DBF-A178-ECEB6DB82F92}.Debug|Any CPU.Build.0 = Debug|Any CPU
		{37B9D6BF-19D2-4DBF-A178-ECEB6DB82F92}.Release|Any CPU.ActiveCfg = Release|Any CPU
		{37B9D6BF-19D2-4DBF-A178-ECEB6DB82F92}.Release|Any CPU.Build.0 = Release|Any CPU
	EndGlobalSection
	GlobalSection(SolutionProperties) = preSolution
		HideSolutionNode = FALSE
	EndGlobalSection
	GlobalSection(ExtensibilityGlobals) = postSolution
		SolutionGuid = {9571E6A7-DDC1-4466-A61E-74E0B6674567}
	EndGlobalSection
EndGlobal
